// !$*UTF8*$!
{
	archiveVersion = 1;
	classes = {
	};
	objectVersion = 46;
	objects = {

/* Begin PBXBuildFile section */
		C0201CD21F16201000758126 /* main.m in Sources */ = {isa = PBXBuildFile; fileRef = C0201CD11F16201000758126 /* main.m */; };
		C0201CD51F16201000758126 /* AppDelegate.m in Sources */ = {isa = PBXBuildFile; fileRef = C0201CD41F16201000758126 /* AppDelegate.m */; };
		C0201CD81F16201000758126 /* ViewControllerA.m in Sources */ = {isa = PBXBuildFile; fileRef = C0201CD71F16201000758126 /* ViewControllerA.m */; };
		C0201CDD1F16201000758126 /* Assets.xcassets in Resources */ = {isa = PBXBuildFile; fileRef = C0201CDC1F16201000758126 /* Assets.xcassets */; };
		C0201CEB1F16201000758126 /* DelegateDemoTests.m in Sources */ = {isa = PBXBuildFile; fileRef = C0201CEA1F16201000758126 /* DelegateDemoTests.m */; };
		C0201CF61F16201000758126 /* DelegateDemoUITests.m in Sources */ = {isa = PBXBuildFile; fileRef = C0201CF51F16201000758126 /* DelegateDemoUITests.m */; };
		C0201D051F1620DB00758126 /* ViewControllerB.m in Sources */ = {isa = PBXBuildFile; fileRef = C0201D041F1620DB00758126 /* ViewControllerB.m */; };
/* End PBXBuildFile section */

/* Begin PBXContainerItemProxy section */
		C0201CE71F16201000758126 /* PBXContainerItemProxy */ = {
			isa = PBXContainerItemProxy;
			containerPortal = C0201CC51F16201000758126 /* Project object */;
			proxyType = 1;
			remoteGlobalIDString = C0201CCC1F16201000758126;
			remoteInfo = DelegateDemo;
		};
		C0201CF21F16201000758126 /* PBXContainerItemProxy */ = {
			isa = PBXContainerItemProxy;
			containerPortal = C0201CC51F16201000758126 /* Project object */;
			proxyType = 1;
			remoteGlobalIDString = C0201CCC1F16201000758126;
			remoteInfo = DelegateDemo;
		};
/* End PBXContainerItemProxy section */

/* Begin PBXFileReference section */
		C0201CCD1F16201000758126 /* DelegateDemo.app */ = {isa = PBXFileReference; explicitFileType = wrapper.application; includeInIndex = 0; path = DelegateDemo.app; sourceTree = BUILT_PRODUCTS_DIR; };
		C0201CD11F16201000758126 /* main.m */ = {isa = PBXFileReference; lastKnownFileType = sourcecode.c.objc; path = main.m; sourceTree = "<group>"; };
		C0201CD31F16201000758126 /* AppDelegate.h */ = {isa = PBXFileReference; lastKnownFileType = sourcecode.c.h; path = AppDelegate.h; sourceTree = "<group>"; };
		C0201CD41F16201000758126 /* AppDelegate.m */ = {isa = PBXFileReference; lastKnownFileType = sourcecode.c.objc; path = AppDelegate.m; sourceTree = "<group>"; };
		C0201CD61F16201000758126 /* ViewControllerA.h */ = {isa = PBXFileReference; lastKnownFileType = sourcecode.c.h; path = ViewControllerA.h; sourceTree = "<group>"; };
		C0201CD71F16201000758126 /* ViewControllerA.m */ = {isa = PBXFileReference; lastKnownFileType = sourcecode.c.objc; path = ViewControllerA.m; sourceTree = "<group>"; };
		C0201CDC1F16201000758126 /* Assets.xcassets */ = {isa = PBXFileReference; lastKnownFileType = folder.assetcatalog; path = Assets.xcassets; sourceTree = "<group>"; };
		C0201CE11F16201000758126 /* Info.plist */ = {isa = PBXFileReference; lastKnownFileType = text.plist.xml; path = Info.plist; sourceTree = "<group>"; };
		C0201CE61F16201000758126 /* DelegateDemoTests.xctest */ = {isa = PBXFileReference; explicitFileType = wrapper.cfbundle; includeInIndex = 0; path = DelegateDemoTests.xctest; sourceTree = BUILT_PRODUCTS_DIR; };
		C0201CEA1F16201000758126 /* DelegateDemoTests.m */ = {isa = PBXFileReference; lastKnownFileType = sourcecode.c.objc; path = DelegateDemoTests.m; sourceTree = "<group>"; };
		C0201CEC1F16201000758126 /* Info.plist */ = {isa = PBXFileReference; lastKnownFileType = text.plist.xml; path = Info.plist; sourceTree = "<group>"; };
		C0201CF11F16201000758126 /* DelegateDemoUITests.xctest */ = {isa = PBXFileReference; explicitFileType = wrapper.cfbundle; includeInIndex = 0; path = DelegateDemoUITests.xctest; sourceTree = BUILT_PRODUCTS_DIR; };
		C0201CF51F16201000758126 /* DelegateDemoUITests.m */ = {isa = PBXFileReference; lastKnownFileType = sourcecode.c.objc; path = DelegateDemoUITests.m; sourceTree = "<group>"; };
		C0201CF71F16201000758126 /* Info.plist */ = {isa = PBXFileReference; lastKnownFileType = text.plist.xml; path = Info.plist; sourceTree = "<group>"; };
		C0201D031F1620DB00758126 /* ViewControllerB.h */ = {isa = PBXFileReference; fileEncoding = 4; lastKnownFileType = sourcecode.c.h; path = ViewControllerB.h; sourceTree = "<group>"; };
		C0201D041F1620DB00758126 /* ViewControllerB.m */ = {isa = PBXFileReference; fileEncoding = 4; lastKnownFileType = sourcecode.c.objc; path = ViewControllerB.m; sourceTree = "<group>"; };
/* End PBXFileReference section */

/* Begin PBXFrameworksBuildPhase section */
		C0201CCA1F16201000758126 /* Frameworks */ = {
			isa = PBXFrameworksBuildPhase;
			buildActionMask = 2147483647;
			files = (
			);
			runOnlyForDeploymentPostprocessing = 0;
		};
		C0201CE31F16201000758126 /* Frameworks */ = {
			isa = PBXFrameworksBuildPhase;
			buildActionMask = 2147483647;
			files = (
			);
			runOnlyForDeploymentPostprocessing = 0;
		};
		C0201CEE1F16201000758126 /* Frameworks */ = {
			isa = PBXFrameworksBuildPhase;
			buildActionMask = 2147483647;
			files = (
			);
			runOnlyForDeploymentPostprocessing = 0;
		};
/* End PBXFrameworksBuildPhase section */

/* Begin PBXGroup section */
		C0201CC41F16201000758126 = {
			isa = PBXGroup;
			children = (
				C0201CCF1F16201000758126 /* DelegateDemo */,
				C0201CE91F16201000758126 /* DelegateDemoTests */,
				C0201CF41F16201000758126 /* DelegateDemoUITests */,
				C0201CCE1F16201000758126 /* Products */,
			);
			sourceTree = "<group>";
		};
		C0201CCE1F16201000758126 /* Products */ = {
			isa = PBXGroup;
			children = (
				C0201CCD1F16201000758126 /* DelegateDemo.app */,
				C0201CE61F16201000758126 /* DelegateDemoTests.xctest */,
				C0201CF11F16201000758126 /* DelegateDemoUITests.xctest */,
			);
			name = Products;
			sourceTree = "<group>";
		};
		C0201CCF1F16201000758126 /* DelegateDemo */ = {
			isa = PBXGroup;
			children = (
				C0201CD61F16201000758126 /* ViewControllerA.h */,
				C0201CD71F16201000758126 /* ViewControllerA.m */,
				C0201D031F1620DB00758126 /* ViewControllerB.h */,
				C0201D041F1620DB00758126 /* ViewControllerB.m */,
				C0201CD01F16201000758126 /* Supporting Files */,
			);
			path = DelegateDemo;
			sourceTree = "<group>";
		};
		C0201CD01F16201000758126 /* Supporting Files */ = {
			isa = PBXGroup;
			children = (
				C0201CD31F16201000758126 /* AppDelegate.h */,
				C0201CD41F16201000758126 /* AppDelegate.m */,
				C0201CDC1F16201000758126 /* Assets.xcassets */,
				C0201CE11F16201000758126 /* Info.plist */,
				C0201CD11F16201000758126 /* main.m */,
			);
			name = "Supporting Files";
			sourceTree = "<group>";
		};
		C0201CE91F16201000758126 /* DelegateDemoTests */ = {
			isa = PBXGroup;
			children = (
				C0201CEA1F16201000758126 /* DelegateDemoTests.m */,
				C0201CEC1F16201000758126 /* Info.plist */,
			);
			path = DelegateDemoTests;
			sourceTree = "<group>";
		};
		C0201CF41F16201000758126 /* DelegateDemoUITests */ = {
			isa = PBXGroup;
			children = (
				C0201CF51F16201000758126 /* DelegateDemoUITests.m */,
				C0201CF71F16201000758126 /* Info.plist */,
			);
			path = DelegateDemoUITests;
			sourceTree = "<group>";
		};
/* End PBXGroup section */

/* Begin PBXNativeTarget section */
		C0201CCC1F16201000758126 /* DelegateDemo */ = {
			isa = PBXNativeTarget;
			buildConfigurationList = C0201CFA1F16201000758126 /* Build configuration list for PBXNativeTarget "DelegateDemo" */;
			buildPhases = (
				C0201CC91F16201000758126 /* Sources */,
				C0201CCA1F16201000758126 /* Frameworks */,
				C0201CCB1F16201000758126 /* Resources */,
			);
			buildRules = (
			);
			dependencies = (
			);
			name = DelegateDemo;
			productName = DelegateDemo;
			productReference = C0201CCD1F16201000758126 /* DelegateDemo.app */;
			productType = "com.apple.product-type.application";
		};
		C0201CE51F16201000758126 /* DelegateDemoTests */ = {
			isa = PBXNativeTarget;
			buildConfigurationList = C0201CFD1F16201000758126 /* Build configuration list for PBXNativeTarget "DelegateDemoTests" */;
			buildPhases = (
				C0201CE21F16201000758126 /* Sources */,
				C0201CE31F16201000758126 /* Frameworks */,
				C0201CE41F16201000758126 /* Resources */,
			);
			buildRules = (
			);
			dependencies = (
				C0201CE81F16201000758126 /* PBXTargetDependency */,
			);
			name = DelegateDemoTests;
			productName = DelegateDemoTests;
			productReference = C0201CE61F16201000758126 /* DelegateDemoTests.xctest */;
			productType = "com.apple.product-type.bundle.unit-test";
		};
		C0201CF01F16201000758126 /* DelegateDemoUITests */ = {
			isa = PBXNativeTarget;
			buildConfigurationList = C0201D001F16201000758126 /* Build configuration list for PBXNativeTarget "DelegateDemoUITests" */;
			buildPhases = (
				C0201CED1F16201000758126 /* Sources */,
				C0201CEE1F16201000758126 /* Frameworks */,
				C0201CEF1F16201000758126 /* Resources */,
			);
			buildRules = (
			);
			dependencies = (
				C0201CF31F16201000758126 /* PBXTargetDependency */,
			);
			name = DelegateDemoUITests;
			productName = DelegateDemoUITests;
			productReference = C0201CF11F16201000758126 /* DelegateDemoUITests.xctest */;
			productType = "com.apple.product-type.bundle.ui-testing";
		};
/* End PBXNativeTarget section */

/* Begin PBXProject section */
		C0201CC51F16201000758126 /* Project object */ = {
			isa = PBXProject;
			attributes = {
				LastUpgradeCheck = 0830;
				ORGANIZATIONNAME = "李峰";
				TargetAttributes = {
					C0201CCC1F16201000758126 = {
						CreatedOnToolsVersion = 8.3.3;
						DevelopmentTeam = 662S7A9YNP;
						ProvisioningStyle = Automatic;
					};
					C0201CE51F16201000758126 = {
						CreatedOnToolsVersion = 8.3.3;
						DevelopmentTeam = 662S7A9YNP;
						ProvisioningStyle = Automatic;
						TestTargetID = C0201CCC1F16201000758126;
					};
					C0201CF01F16201000758126 = {
						CreatedOnToolsVersion = 8.3.3;
						DevelopmentTeam = 662S7A9YNP;
						ProvisioningStyle = Automatic;
						TestTargetID = C0201CCC1F16201000758126;
					};
				};
			};
			buildConfigurationList = C0201CC81F16201000758126 /* Build configuration list for PBXProject "DelegateDemo" */;
			compatibilityVersion = "Xcode 3.2";
			developmentRegion = English;
			hasScannedForEncodings = 0;
			knownRegions = (
				en,
				Base,
			);
			mainGroup = C0201CC41F16201000758126;
			productRefGroup = C0201CCE1F16201000758126 /* Products */;
			projectDirPath = "";
			projectRoot = "";
			targets = (
				C0201CCC1F16201000758126 /* DelegateDemo */,
				C0201CE51F16201000758126 /* DelegateDemoTests */,
				C0201CF01F16201000758126 /* DelegateDemoUITests */,
			);
		};
/* End PBXProject section */

/* Begin PBXResourcesBuildPhase section */
		C0201CCB1F16201000758126 /* Resources */ = {
			isa = PBXResourcesBuildPhase;
			buildActionMask = 2147483647;
			files = (
				C0201CDD1F16201000758126 /* Assets.xcassets in Resources */,
			);
			runOnlyForDeploymentPostprocessing = 0;
		};
		C0201CE41F16201000758126 /* Resources */ = {
			isa = PBXResourcesBuildPhase;
			buildActionMask = 2147483647;
			files = (
			);
			runOnlyForDeploymentPostprocessing = 0;
		};
		C0201CEF1F16201000758126 /* Resources */ = {
			isa = PBXResourcesBuildPhase;
			buildActionMask = 2147483647;
			files = (
			);
			runOnlyForDeploymentPostprocessing = 0;
		};
/* End PBXResourcesBuildPhase section */

/* Begin PBXSourcesBuildPhase section */
		C0201CC91F16201000758126 /* Sources */ = {
			isa = PBXSourcesBuildPhase;
			buildActionMask = 2147483647;
			files = (
				C0201CD81F16201000758126 /* ViewControllerA.m in Sources */,
				C0201D051F1620DB00758126 /* ViewControllerB.m in Sources */,
				C0201CD51F16201000758126 /* AppDelegate.m in Sources */,
				C0201CD21F16201000758126 /* main.m in Sources */,
			);
			runOnlyForDeploymentPostprocessing = 0;
		};
		C0201CE21F16201000758126 /* Sources */ = {
			isa = PBXSourcesBuildPhase;
			buildActionMask = 2147483647;
			files = (
				C0201CEB1F16201000758126 /* DelegateDemoTests.m in Sources */,
			);
			runOnlyForDeploymentPostprocessing = 0;
		};
		C0201CED1F16201000758126 /* Sources */ = {
			isa = PBXSourcesBuildPhase;
			buildActionMask = 2147483647;
			files = (
				C0201CF61F16201000758126 /* DelegateDemoUITests.m in Sources */,
			);
			runOnlyForDeploymentPostprocessing = 0;
		};
/* End PBXSourcesBuildPhase section */

/* Begin PBXTargetDependency section */
		C0201CE81F16201000758126 /* PBXTargetDependency */ = {
			isa = PBXTargetDependency;
			target = C0201CCC1F16201000758126 /* DelegateDemo */;
			targetProxy = C0201CE71F16201000758126 /* PBXContainerItemProxy */;
		};
		C0201CF31F16201000758126 /* PBXTargetDependency */ = {
			isa = PBXTargetDependency;
			target = C0201CCC1F16201000758126 /* DelegateDemo */;
			targetProxy = C0201CF21F16201000758126 /* PBXContainerItemProxy */;
		};
/* End PBXTargetDependency section */

/* Begin XCBuildConfiguration section */
		C0201CF81F16201000758126 /* Debug */ = {
			isa = XCBuildConfiguration;
			buildSettings = {
				ALWAYS_SEARCH_USER_PATHS = NO;
				CLANG_ANALYZER_NONNULL = YES;
				CLANG_ANALYZER_NUMBER_OBJECT_CONVERSION = YES_AGGRESSIVE;
				CLANG_CXX_LANGUAGE_STANDARD = "gnu++0x";
				CLANG_CXX_LIBRARY = "libc++";
				CLANG_ENABLE_MODULES = YES;
				CLANG_ENABLE_OBJC_ARC = YES;
				CLANG_WARN_BOOL_CONVERSION = YES;
				CLANG_WARN_CONSTANT_CONVERSION = YES;
				CLANG_WARN_DIRECT_OBJC_ISA_USAGE = YES_ERROR;
				CLANG_WARN_DOCUMENTATION_COMMENTS = YES;
				CLANG_WARN_EMPTY_BODY = YES;
				CLANG_WARN_ENUM_CONVERSION = YES;
				CLANG_WARN_INFINITE_RECURSION = YES;
				CLANG_WARN_INT_CONVERSION = YES;
				CLANG_WARN_OBJC_ROOT_CLASS = YES_ERROR;
				CLANG_WARN_SUSPICIOUS_MOVE = YES;
				CLANG_WARN_UNREACHABLE_CODE = YES;
				CLANG_WARN__DUPLICATE_METHOD_MATCH = YES;
				"CODE_SIGN_IDENTITY[sdk=iphoneos*]" = "iPhone Developer";
				COPY_PHASE_STRIP = NO;
				DEBUG_INFORMATION_FORMAT = dwarf;
				ENABLE_STRICT_OBJC_MSGSEND = YES;
				ENABLE_TESTABILITY = YES;
				GCC_C_LANGUAGE_STANDARD = gnu99;
				GCC_DYNAMIC_NO_PIC = NO;
				GCC_NO_COMMON_BLOCKS = YES;
				GCC_OPTIMIZATION_LEVEL = 0;
				GCC_PREPROCESSOR_DEFINITIONS = (
					"DEBUG=1",
					"$(inherited)",
				);
				GCC_WARN_64_TO_32_BIT_CONVERSION = YES;
				GCC_WARN_ABOUT_RETURN_TYPE = YES_ERROR;
				GCC_WARN_UNDECLARED_SELECTOR = YES;
				GCC_WARN_UNINITIALIZED_AUTOS = YES_AGGRESSIVE;
				GCC_WARN_UNUSED_FUNCTION = YES;
				GCC_WARN_UNUSED_VARIABLE = YES;
				IPHONEOS_DEPLOYMENT_TARGET = 10.3;
				MTL_ENABLE_DEBUG_INFO = YES;
				ONLY_ACTIVE_ARCH = YES;
				SDKROOT = iphoneos;
			};
			name = Debug;
		};
		C0201CF91F16201000758126 /* Release */ = {
			isa = XCBuildConfiguration;
			buildSettings = {
				ALWAYS_SEARCH_USER_PATHS = NO;
				CLANG_ANALYZER_NONNULL = YES;
				CLANG_ANALYZER_NUMBER_OBJECT_CONVERSION = YES_AGGRESSIVE;
				CLANG_CXX_LANGUAGE_STANDARD = "gnu++0x";
				CLANG_CXX_LIBRARY = "libc++";
				CLANG_ENABLE_MODULES = YES;
				CLANG_ENABLE_OBJC_ARC = YES;
				CLANG_WARN_BOOL_CONVERSION = YES;
				CLANG_WARN_CONSTANT_CONVERSION = YES;
				CLANG_WARN_DIRECT_OBJC_ISA_USAGE = YES_ERROR;
				CLANG_WARN_DOCUMENTATION_COMMENTS = YES;
				CLANG_WARN_EMPTY_BODY = YES;
				CLANG_WARN_ENUM_CONVERSION = YES;
				CLANG_WARN_INFINITE_RECURSION = YES;
				CLANG_WARN_INT_CONVERSION = YES;
				CLANG_WARN_OBJC_ROOT_CLASS = YES_ERROR;
				CLANG_WARN_SUSPICIOUS_MOVE = YES;
				CLANG_WARN_UNREACHABLE_CODE = YES;
				CLANG_WARN__DUPLICATE_METHOD_MATCH = YES;
				"CODE_SIGN_IDENTITY[sdk=iphoneos*]" = "iPhone Developer";
				COPY_PHASE_STRIP = NO;
				DEBUG_INFORMATION_FORMAT = "dwarf-with-dsym";
				ENABLE_NS_ASSERTIONS = NO;
				ENABLE_STRICT_OBJC_MSGSEND = YES;
				GCC_C_LANGUAGE_STANDARD = gnu99;
				GCC_NO_COMMON_BLOCKS = YES;
				GCC_WARN_64_TO_32_BIT_CONVERSION = YES;
				GCC_WARN_ABOUT_RETURN_TYPE = YES_ERROR;
				GCC_WARN_UNDECLARED_SELECTOR = YES;
				GCC_WARN_UNINITIALIZED_AUTOS = YES_AGGRESSIVE;
				GCC_WARN_UNUSED_FUNCTION = YES;
				GCC_WARN_UNUSED_VARIABLE = YES;
				IPHONEOS_DEPLOYMENT_TARGET = 10.3;
				MTL_ENABLE_DEBUG_INFO = NO;
				SDKROOT = iphoneos;
				VALIDATE_PRODUCT = YES;
			};
			name = Release;
		};
		C0201CFB1F16201000758126 /* Debug */ = {
			isa = XCBuildConfiguration;
			buildSettings = {
				ASSETCATALOG_COMPILER_APPICON_NAME = AppIcon;
				DEVELOPMENT_TEAM = 662S7A9YNP;
				INFOPLIST_FILE = DelegateDemo/Info.plist;
				LD_RUNPATH_SEARCH_PATHS = "$(inherited) @executable_path/Frameworks";
				PRODUCT_BUNDLE_IDENTIFIER = com.fenglee.DelegateDemo;
				PRODUCT_NAME = "$(TARGET_NAME)";
			};
			name = Debug;
		};
		C0201CFC1F16201000758126 /* Release */ = {
			isa = XCBuildConfiguration;
			buildSettings = {
				ASSETCATALOG_COMPILER_APPICON_NAME = AppIcon;
				DEVELOPMENT_TEAM = 662S7A9YNP;
				INFOPLIST_FILE = DelegateDemo/Info.plist;
				LD_RUNPATH_SEARCH_PATHS = "$(inherited) @executable_path/Frameworks";
				PRODUCT_BUNDLE_IDENTIFIER = com.fenglee.DelegateDemo;
				PRODUCT_NAME = "$(TARGET_NAME)";
			};
			name = Release;
		};
		C0201CFE1F16201000758126 /* Debug */ = {
			isa = XCBuildConfiguration;
			buildSettings = {
				BUNDLE_LOADER = "$(TEST_HOST)";
				DEVELOPMENT_TEAM = 662S7A9YNP;
				INFOPLIST_FILE = DelegateDemoTests/Info.plist;
				LD_RUNPATH_SEARCH_PATHS = "$(inherited) @executable_path/Frameworks @loader_path/Frameworks";
				PRODUCT_BUNDLE_IDENTIFIER = com.fenglee.DelegateDemoTests;
				PRODUCT_NAME = "$(TARGET_NAME)";
				TEST_HOST = "$(BUILT_PRODUCTS_DIR)/DelegateDemo.app/DelegateDemo";
			};
			name = Debug;
		};
		C0201CFF1F16201000758126 /* Release */ = {
			isa = XCBuildConfiguration;
			buildSettings = {
				BUNDLE_LOADER = "$(TEST_HOST)";
				DEVELOPMENT_TEAM = 662S7A9YNP;
				INFOPLIST_FILE = DelegateDemoTests/Info.plist;
				LD_RUNPATH_SEARCH_PATHS = "$(inherited) @executable_path/Frameworks @loader_path/Frameworks";
				PRODUCT_BUNDLE_IDENTIFIER = com.fenglee.DelegateDemoTests;
				PRODUCT_NAME = "$(TARGET_NAME)";
				TEST_HOST = "$(BUILT_PRODUCTS_DIR)/DelegateDemo.app/DelegateDemo";
			};
			name = Release;
		};
		C0201D011F16201000758126 /* Debug */ = {
			isa = XCBuildConfiguration;
			buildSettings = {
				DEVELOPMENT_TEAM = 662S7A9YNP;
				INFOPLIST_FILE = DelegateDemoUITests/Info.plist;
				LD_RUNPATH_SEARCH_PATHS = "$(inherited) @executable_path/Frameworks @loader_path/Frameworks";
				PRODUCT_BUNDLE_IDENTIFIER = com.fenglee.DelegateDemoUITests;
				PRODUCT_NAME = "$(TARGET_NAME)";
				TEST_TARGET_NAME = DelegateDemo;
			};
			name = Debug;
		};
		C0201D021F16201000758126 /* Release */ = {
			isa = XCBuildConfiguration;
			buildSettings = {
				DEVELOPMENT_TEAM = 662S7A9YNP;
				INFOPLIST_FILE = DelegateDemoUITests/Info.plist;
				LD_RUNPATH_SEARCH_PATHS = "$(inherited) @executable_path/Frameworks @loader_path/Frameworks";
				PRODUCT_BUNDLE_IDENTIFIER = com.fenglee.DelegateDemoUITests;
				PRODUCT_NAME = "$(TARGET_NAME)";
				TEST_TARGET_NAME = DelegateDemo;
			};
			name = Release;
		};
/* End XCBuildConfiguration section */

/* Begin XCConfigurationList section */
		C0201CC81F16201000758126 /* Build configuration list for PBXProject "DelegateDemo" */ = {
			isa = XCConfigurationList;
			buildConfigurations = (
				C0201CF81F16201000758126 /* Debug */,
				C0201CF91F16201000758126 /* Release */,
			);
			defaultConfigurationIsVisible = 0;
			defaultConfigurationName = Release;
		};
		C0201CFA1F16201000758126 /* Build configuration list for PBXNativeTarget "DelegateDemo" */ = {
			isa = XCConfigurationList;
			buildConfigurations = (
				C0201CFB1F16201000758126 /* Debug */,
				C0201CFC1F16201000758126 /* Release */,
			);
			defaultConfigurationIsVisible = 0;
		};
		C0201CFD1F16201000758126 /* Build configuration list for PBXNativeTarget "DelegateDemoTests" */ = {
			isa = XCConfigurationList;
			buildConfigurations = (
				C0201CFE1F16201000758126 /* Debug */,
				C0201CFF1F16201000758126 /* Release */,
			);
			defaultConfigurationIsVisible = 0;
		};
		C0201D001F16201000758126 /* Build configuration list for PBXNativeTarget "DelegateDemoUITests" */ = {
			isa = XCConfigurationList;
			buildConfigurations = (
				C0201D011F16201000758126 /* Debug */,
				C0201D021F16201000758126 /* Release */,
			);
			defaultConfigurationIsVisible = 0;
		};
/* End XCConfigurationList section */
	};
	rootObject = C0201CC51F16201000758126 /* Project object */;
}
